// !$*UTF8*$!
{
	archiveVersion = 1;
	classes = {
	};
	objectVersion = 56;
	objects = {

/* Begin PBXBuildFile section */
		369918182B6561CB0060DF94 /* AppDelegate.swift in Sources */ = {isa = PBXBuildFile; fileRef = 369918172B6561CB0060DF94 /* AppDelegate.swift */; };
		3699181A2B6561CB0060DF94 /* SceneDelegate.swift in Sources */ = {isa = PBXBuildFile; fileRef = 369918192B6561CB0060DF94 /* SceneDelegate.swift */; };
		3699181C2B6561CB0060DF94 /* HomeViewController.swift in Sources */ = {isa = PBXBuildFile; fileRef = 3699181B2B6561CB0060DF94 /* HomeViewController.swift */; };
		3699181F2B6561CB0060DF94 /* Main.storyboard in Resources */ = {isa = PBXBuildFile; fileRef = 3699181D2B6561CB0060DF94 /* Main.storyboard */; };
		369918212B6561D20060DF94 /* Assets.xcassets in Resources */ = {isa = PBXBuildFile; fileRef = 369918202B6561D20060DF94 /* Assets.xcassets */; };
		369918242B6561D20060DF94 /* LaunchScreen.storyboard in Resources */ = {isa = PBXBuildFile; fileRef = 369918222B6561D20060DF94 /* LaunchScreen.storyboard */; };
		3699182C2B6565170060DF94 /* UIView+Extensions.swift in Sources */ = {isa = PBXBuildFile; fileRef = 3699182B2B6565170060DF94 /* UIView+Extensions.swift */; };
		3699182E2B65661D0060DF94 /* TopCategoryCollectionCell.swift in Sources */ = {isa = PBXBuildFile; fileRef = 3699182D2B65661D0060DF94 /* TopCategoryCollectionCell.swift */; };
		369918302B656C590060DF94 /* UIColor+Extensions.swift in Sources */ = {isa = PBXBuildFile; fileRef = 3699182F2B656C590060DF94 /* UIColor+Extensions.swift */; };
		369918332B65701A0060DF94 /* ItemCollectionViewCell.swift in Sources */ = {isa = PBXBuildFile; fileRef = 369918322B65701A0060DF94 /* ItemCollectionViewCell.swift */; };
		369918382B6627570060DF94 /* ShoeModel.swift in Sources */ = {isa = PBXBuildFile; fileRef = 369918372B6627570060DF94 /* ShoeModel.swift */; };
		3699183E2B6627F60060DF94 /* JSONLoader.swift in Sources */ = {isa = PBXBuildFile; fileRef = 3699183D2B6627F60060DF94 /* JSONLoader.swift */; };
		369918402B6629A60060DF94 /* shoeData.json in Resources */ = {isa = PBXBuildFile; fileRef = 3699183F2B6629A60060DF94 /* shoeData.json */; };
		369918432B6633190060DF94 /* SDWebImage in Frameworks */ = {isa = PBXBuildFile; productRef = 369918422B6633190060DF94 /* SDWebImage */; };
		369918452B6633190060DF94 /* SDWebImageMapKit in Frameworks */ = {isa = PBXBuildFile; productRef = 369918442B6633190060DF94 /* SDWebImageMapKit */; };
		369918472B663DF90060DF94 /* HomeSearchCell.swift in Sources */ = {isa = PBXBuildFile; fileRef = 369918462B663DF90060DF94 /* HomeSearchCell.swift */; };
		369918492B663E080060DF94 /* HomeCategoryCell.swift in Sources */ = {isa = PBXBuildFile; fileRef = 369918482B663E080060DF94 /* HomeCategoryCell.swift */; };
		3699184B2B663E780060DF94 /* HomeProductCell.swift in Sources */ = {isa = PBXBuildFile; fileRef = 3699184A2B663E780060DF94 /* HomeProductCell.swift */; };
		3699184E2B665E240060DF94 /* CustomTabBarViewController.swift in Sources */ = {isa = PBXBuildFile; fileRef = 3699184D2B665E240060DF94 /* CustomTabBarViewController.swift */; };
		369918502B665F780060DF94 /* TabBarView.swift in Sources */ = {isa = PBXBuildFile; fileRef = 3699184F2B665F780060DF94 /* TabBarView.swift */; };
		369918522B667AD60060DF94 /* HomeHeadingCell.swift in Sources */ = {isa = PBXBuildFile; fileRef = 369918512B667AD60060DF94 /* HomeHeadingCell.swift */; };
		369918542B67EBAD0060DF94 /* ProfileViewController.swift in Sources */ = {isa = PBXBuildFile; fileRef = 369918532B67EBAD0060DF94 /* ProfileViewController.swift */; };
		369918582B67EC0B0060DF94 /* WishlistViewController.swift in Sources */ = {isa = PBXBuildFile; fileRef = 369918572B67EC0B0060DF94 /* WishlistViewController.swift */; };
		3699185C2B67EC800060DF94 /* FilterViewController.swift in Sources */ = {isa = PBXBuildFile; fileRef = 3699185B2B67EC800060DF94 /* FilterViewController.swift */; };
		3699185E2B67EC920060DF94 /* CartViewController.swift in Sources */ = {isa = PBXBuildFile; fileRef = 3699185D2B67EC920060DF94 /* CartViewController.swift */; };
/* End PBXBuildFile section */

/* Begin PBXFileReference section */
		369918142B6561CB0060DF94 /* WalkInStyle.app */ = {isa = PBXFileReference; explicitFileType = wrapper.application; includeInIndex = 0; path = WalkInStyle.app; sourceTree = BUILT_PRODUCTS_DIR; };
		369918172B6561CB0060DF94 /* AppDelegate.swift */ = {isa = PBXFileReference; lastKnownFileType = sourcecode.swift; path = AppDelegate.swift; sourceTree = "<group>"; };
		369918192B6561CB0060DF94 /* SceneDelegate.swift */ = {isa = PBXFileReference; lastKnownFileType = sourcecode.swift; path = SceneDelegate.swift; sourceTree = "<group>"; };
		3699181B2B6561CB0060DF94 /* HomeViewController.swift */ = {isa = PBXFileReference; lastKnownFileType = sourcecode.swift; path = HomeViewController.swift; sourceTree = "<group>"; };
		3699181E2B6561CB0060DF94 /* Base */ = {isa = PBXFileReference; lastKnownFileType = file.storyboard; name = Base; path = Base.lproj/Main.storyboard; sourceTree = "<group>"; };
		369918202B6561D20060DF94 /* Assets.xcassets */ = {isa = PBXFileReference; lastKnownFileType = folder.assetcatalog; path = Assets.xcassets; sourceTree = "<group>"; };
		369918232B6561D20060DF94 /* Base */ = {isa = PBXFileReference; lastKnownFileType = file.storyboard; name = Base; path = Base.lproj/LaunchScreen.storyboard; sourceTree = "<group>"; };
		369918252B6561D20060DF94 /* Info.plist */ = {isa = PBXFileReference; lastKnownFileType = text.plist.xml; path = Info.plist; sourceTree = "<group>"; };
		3699182B2B6565170060DF94 /* UIView+Extensions.swift */ = {isa = PBXFileReference; lastKnownFileType = sourcecode.swift; path = "UIView+Extensions.swift"; sourceTree = "<group>"; };
		3699182D2B65661D0060DF94 /* TopCategoryCollectionCell.swift */ = {isa = PBXFileReference; lastKnownFileType = sourcecode.swift; path = TopCategoryCollectionCell.swift; sourceTree = "<group>"; };
		3699182F2B656C590060DF94 /* UIColor+Extensions.swift */ = {isa = PBXFileReference; lastKnownFileType = sourcecode.swift; path = "UIColor+Extensions.swift"; sourceTree = "<group>"; };
		369918322B65701A0060DF94 /* ItemCollectionViewCell.swift */ = {isa = PBXFileReference; lastKnownFileType = sourcecode.swift; path = ItemCollectionViewCell.swift; sourceTree = "<group>"; };
		369918372B6627570060DF94 /* ShoeModel.swift */ = {isa = PBXFileReference; lastKnownFileType = sourcecode.swift; path = ShoeModel.swift; sourceTree = "<group>"; };
		3699183D2B6627F60060DF94 /* JSONLoader.swift */ = {isa = PBXFileReference; lastKnownFileType = sourcecode.swift; path = JSONLoader.swift; sourceTree = "<group>"; };
		3699183F2B6629A60060DF94 /* shoeData.json */ = {isa = PBXFileReference; fileEncoding = 4; lastKnownFileType = text.json; path = shoeData.json; sourceTree = "<group>"; };
		369918462B663DF90060DF94 /* HomeSearchCell.swift */ = {isa = PBXFileReference; lastKnownFileType = sourcecode.swift; path = HomeSearchCell.swift; sourceTree = "<group>"; };
		369918482B663E080060DF94 /* HomeCategoryCell.swift */ = {isa = PBXFileReference; lastKnownFileType = sourcecode.swift; path = HomeCategoryCell.swift; sourceTree = "<group>"; };
		3699184A2B663E780060DF94 /* HomeProductCell.swift */ = {isa = PBXFileReference; lastKnownFileType = sourcecode.swift; path = HomeProductCell.swift; sourceTree = "<group>"; };
		3699184D2B665E240060DF94 /* CustomTabBarViewController.swift */ = {isa = PBXFileReference; lastKnownFileType = sourcecode.swift; path = CustomTabBarViewController.swift; sourceTree = "<group>"; };
		3699184F2B665F780060DF94 /* TabBarView.swift */ = {isa = PBXFileReference; lastKnownFileType = sourcecode.swift; path = TabBarView.swift; sourceTree = "<group>"; };
		369918512B667AD60060DF94 /* HomeHeadingCell.swift */ = {isa = PBXFileReference; lastKnownFileType = sourcecode.swift; path = HomeHeadingCell.swift; sourceTree = "<group>"; };
		369918532B67EBAD0060DF94 /* ProfileViewController.swift */ = {isa = PBXFileReference; lastKnownFileType = sourcecode.swift; path = ProfileViewController.swift; sourceTree = "<group>"; };
		369918572B67EC0B0060DF94 /* WishlistViewController.swift */ = {isa = PBXFileReference; lastKnownFileType = sourcecode.swift; path = WishlistViewController.swift; sourceTree = "<group>"; };
		3699185B2B67EC800060DF94 /* FilterViewController.swift */ = {isa = PBXFileReference; lastKnownFileType = sourcecode.swift; path = FilterViewController.swift; sourceTree = "<group>"; };
		3699185D2B67EC920060DF94 /* CartViewController.swift */ = {isa = PBXFileReference; lastKnownFileType = sourcecode.swift; path = CartViewController.swift; sourceTree = "<group>"; };
/* End PBXFileReference section */

/* Begin PBXFrameworksBuildPhase section */
		369918112B6561CB0060DF94 /* Frameworks */ = {
			isa = PBXFrameworksBuildPhase;
			buildActionMask = 2147483647;
			files = (
				369918452B6633190060DF94 /* SDWebImageMapKit in Frameworks */,
				369918432B6633190060DF94 /* SDWebImage in Frameworks */,
			);
			runOnlyForDeploymentPostprocessing = 0;
		};
/* End PBXFrameworksBuildPhase section */

/* Begin PBXGroup section */
		3699180B2B6561CB0060DF94 = {
			isa = PBXGroup;
			children = (
				369918162B6561CB0060DF94 /* WalkInStyle */,
				369918152B6561CB0060DF94 /* Products */,
			);
			sourceTree = "<group>";
		};
		369918152B6561CB0060DF94 /* Products */ = {
			isa = PBXGroup;
			children = (
				369918142B6561CB0060DF94 /* WalkInStyle.app */,
			);
			name = Products;
			sourceTree = "<group>";
		};
		369918162B6561CB0060DF94 /* WalkInStyle */ = {
			isa = PBXGroup;
			children = (
				369918172B6561CB0060DF94 /* AppDelegate.swift */,
				369918192B6561CB0060DF94 /* SceneDelegate.swift */,
				3699183A2B6627A70060DF94 /* Stubs */,
				369918312B656C630060DF94 /* Extensions */,
				369918392B6627A00060DF94 /* Model */,
				369918562B67EBF30060DF94 /* Wishlist */,
				369918552B67EBC40060DF94 /* Profile */,
				3699183C2B6627CA0060DF94 /* Home */,
				3699185A2B67EC2B0060DF94 /* Filter */,
				369918592B67EC1C0060DF94 /* Cart */,
				3699184C2B665DED0060DF94 /* TabBarController */,
				3699181D2B6561CB0060DF94 /* Main.storyboard */,
				369918222B6561D20060DF94 /* LaunchScreen.storyboard */,
				369918202B6561D20060DF94 /* Assets.xcassets */,
				369918252B6561D20060DF94 /* Info.plist */,
			);
			path = WalkInStyle;
			sourceTree = "<group>";
		};
		369918312B656C630060DF94 /* Extensions */ = {
			isa = PBXGroup;
			children = (
				3699182F2B656C590060DF94 /* UIColor+Extensions.swift */,
				3699182B2B6565170060DF94 /* UIView+Extensions.swift */,
			);
			path = Extensions;
			sourceTree = "<group>";
		};
		369918392B6627A00060DF94 /* Model */ = {
			isa = PBXGroup;
			children = (
				369918372B6627570060DF94 /* ShoeModel.swift */,
				3699183D2B6627F60060DF94 /* JSONLoader.swift */,
			);
			path = Model;
			sourceTree = "<group>";
		};
		3699183A2B6627A70060DF94 /* Stubs */ = {
			isa = PBXGroup;
			children = (
				3699183F2B6629A60060DF94 /* shoeData.json */,
			);
			path = Stubs;
			sourceTree = "<group>";
		};
		3699183B2B6627B50060DF94 /* innerCells */ = {
			isa = PBXGroup;
			children = (
				3699182D2B65661D0060DF94 /* TopCategoryCollectionCell.swift */,
				369918322B65701A0060DF94 /* ItemCollectionViewCell.swift */,
			);
			path = innerCells;
			sourceTree = "<group>";
		};
		3699183C2B6627CA0060DF94 /* Home */ = {
			isa = PBXGroup;
			children = (
				3699181B2B6561CB0060DF94 /* HomeViewController.swift */,
				369918512B667AD60060DF94 /* HomeHeadingCell.swift */,
				369918462B663DF90060DF94 /* HomeSearchCell.swift */,
				369918482B663E080060DF94 /* HomeCategoryCell.swift */,
				3699184A2B663E780060DF94 /* HomeProductCell.swift */,
				3699183B2B6627B50060DF94 /* innerCells */,
			);
			path = Home;
			sourceTree = "<group>";
		};
		3699184C2B665DED0060DF94 /* TabBarController */ = {
			isa = PBXGroup;
			children = (
				3699184D2B665E240060DF94 /* CustomTabBarViewController.swift */,
				3699184F2B665F780060DF94 /* TabBarView.swift */,
			);
			path = TabBarController;
			sourceTree = "<group>";
		};
		369918552B67EBC40060DF94 /* Profile */ = {
			isa = PBXGroup;
			children = (
				369918532B67EBAD0060DF94 /* ProfileViewController.swift */,
			);
			path = Profile;
			sourceTree = "<group>";
		};
		369918562B67EBF30060DF94 /* Wishlist */ = {
			isa = PBXGroup;
			children = (
				369918572B67EC0B0060DF94 /* WishlistViewController.swift */,
			);
			path = Wishlist;
			sourceTree = "<group>";
		};
		369918592B67EC1C0060DF94 /* Cart */ = {
			isa = PBXGroup;
			children = (
				3699185D2B67EC920060DF94 /* CartViewController.swift */,
			);
			path = Cart;
			sourceTree = "<group>";
		};
		3699185A2B67EC2B0060DF94 /* Filter */ = {
			isa = PBXGroup;
			children = (
				3699185B2B67EC800060DF94 /* FilterViewController.swift */,
			);
			path = Filter;
			sourceTree = "<group>";
		};
/* End PBXGroup section */

/* Begin PBXNativeTarget section */
		369918132B6561CB0060DF94 /* WalkInStyle */ = {
			isa = PBXNativeTarget;
			buildConfigurationList = 369918282B6561D20060DF94 /* Build configuration list for PBXNativeTarget "WalkInStyle" */;
			buildPhases = (
				369918102B6561CB0060DF94 /* Sources */,
				369918112B6561CB0060DF94 /* Frameworks */,
				369918122B6561CB0060DF94 /* Resources */,
			);
			buildRules = (
			);
			dependencies = (
			);
			name = WalkInStyle;
			packageProductDependencies = (
				369918422B6633190060DF94 /* SDWebImage */,
				369918442B6633190060DF94 /* SDWebImageMapKit */,
			);
			productName = WalkInStyle;
			productReference = 369918142B6561CB0060DF94 /* WalkInStyle.app */;
			productType = "com.apple.product-type.application";
		};
/* End PBXNativeTarget section */

/* Begin PBXProject section */
		3699180C2B6561CB0060DF94 /* Project object */ = {
			isa = PBXProject;
			attributes = {
				BuildIndependentTargetsInParallel = 1;
				LastSwiftUpdateCheck = 1520;
				LastUpgradeCheck = 1520;
				TargetAttributes = {
					369918132B6561CB0060DF94 = {
						CreatedOnToolsVersion = 15.2;
					};
				};
			};
			buildConfigurationList = 3699180F2B6561CB0060DF94 /* Build configuration list for PBXProject "WalkInStyle" */;
			compatibilityVersion = "Xcode 14.0";
			developmentRegion = en;
			hasScannedForEncodings = 0;
			knownRegions = (
				en,
				Base,
			);
			mainGroup = 3699180B2B6561CB0060DF94;
			packageReferences = (
				369918412B6633190060DF94 /* XCRemoteSwiftPackageReference "SDWebImage" */,
			);
			productRefGroup = 369918152B6561CB0060DF94 /* Products */;
			projectDirPath = "";
			projectRoot = "";
			targets = (
				369918132B6561CB0060DF94 /* WalkInStyle */,
			);
		};
/* End PBXProject section */

/* Begin PBXResourcesBuildPhase section */
		369918122B6561CB0060DF94 /* Resources */ = {
			isa = PBXResourcesBuildPhase;
			buildActionMask = 2147483647;
			files = (
				369918242B6561D20060DF94 /* LaunchScreen.storyboard in Resources */,
				369918212B6561D20060DF94 /* Assets.xcassets in Resources */,
				369918402B6629A60060DF94 /* shoeData.json in Resources */,
				3699181F2B6561CB0060DF94 /* Main.storyboard in Resources */,
			);
			runOnlyForDeploymentPostprocessing = 0;
		};
/* End PBXResourcesBuildPhase section */

/* Begin PBXSourcesBuildPhase section */
		369918102B6561CB0060DF94 /* Sources */ = {
			isa = PBXSourcesBuildPhase;
			buildActionMask = 2147483647;
			files = (
				3699181C2B6561CB0060DF94 /* HomeViewController.swift in Sources */,
				369918472B663DF90060DF94 /* HomeSearchCell.swift in Sources */,
				369918502B665F780060DF94 /* TabBarView.swift in Sources */,
				369918302B656C590060DF94 /* UIColor+Extensions.swift in Sources */,
				369918582B67EC0B0060DF94 /* WishlistViewController.swift in Sources */,
				3699183E2B6627F60060DF94 /* JSONLoader.swift in Sources */,
				369918382B6627570060DF94 /* ShoeModel.swift in Sources */,
				369918542B67EBAD0060DF94 /* ProfileViewController.swift in Sources */,
				369918182B6561CB0060DF94 /* AppDelegate.swift in Sources */,
				3699185E2B67EC920060DF94 /* CartViewController.swift in Sources */,
				3699182C2B6565170060DF94 /* UIView+Extensions.swift in Sources */,
				3699181A2B6561CB0060DF94 /* SceneDelegate.swift in Sources */,
				369918522B667AD60060DF94 /* HomeHeadingCell.swift in Sources */,
				3699185C2B67EC800060DF94 /* FilterViewController.swift in Sources */,
				369918332B65701A0060DF94 /* ItemCollectionViewCell.swift in Sources */,
				3699184B2B663E780060DF94 /* HomeProductCell.swift in Sources */,
				3699182E2B65661D0060DF94 /* TopCategoryCollectionCell.swift in Sources */,
				369918492B663E080060DF94 /* HomeCategoryCell.swift in Sources */,
				3699184E2B665E240060DF94 /* CustomTabBarViewController.swift in Sources */,
			);
			runOnlyForDeploymentPostprocessing = 0;
		};
/* End PBXSourcesBuildPhase section */

/* Begin PBXVariantGroup section */
		3699181D2B6561CB0060DF94 /* Main.storyboard */ = {
			isa = PBXVariantGroup;
			children = (
				3699181E2B6561CB0060DF94 /* Base */,
			);
			name = Main.storyboard;
			sourceTree = "<group>";
		};
		369918222B6561D20060DF94 /* LaunchScreen.storyboard */ = {
			isa = PBXVariantGroup;
			children = (
				369918232B6561D20060DF94 /* Base */,
			);
			name = LaunchScreen.storyboard;
			sourceTree = "<group>";
		};
/* End PBXVariantGroup section */

/* Begin XCBuildConfiguration section */
		369918262B6561D20060DF94 /* Debug */ = {
			isa = XCBuildConfiguration;
			buildSettings = {
				ALWAYS_SEARCH_USER_PATHS = NO;
				ASSETCATALOG_COMPILER_GENERATE_SWIFT_ASSET_SYMBOL_EXTENSIONS = YES;
				CLANG_ANALYZER_NONNULL = YES;
				CLANG_ANALYZER_NUMBER_OBJECT_CONVERSION = YES_AGGRESSIVE;
				CLANG_CXX_LANGUAGE_STANDARD = "gnu++20";
				CLANG_ENABLE_MODULES = YES;
				CLANG_ENABLE_OBJC_ARC = YES;
				CLANG_ENABLE_OBJC_WEAK = YES;
				CLANG_WARN_BLOCK_CAPTURE_AUTORELEASING = YES;
				CLANG_WARN_BOOL_CONVERSION = YES;
				CLANG_WARN_COMMA = YES;
				CLANG_WARN_CONSTANT_CONVERSION = YES;
				CLANG_WARN_DEPRECATED_OBJC_IMPLEMENTATIONS = YES;
				CLANG_WARN_DIRECT_OBJC_ISA_USAGE = YES_ERROR;
				CLANG_WARN_DOCUMENTATION_COMMENTS = YES;
				CLANG_WARN_EMPTY_BODY = YES;
				CLANG_WARN_ENUM_CONVERSION = YES;
				CLANG_WARN_INFINITE_RECURSION = YES;
				CLANG_WARN_INT_CONVERSION = YES;
				CLANG_WARN_NON_LITERAL_NULL_CONVERSION = YES;
				CLANG_WARN_OBJC_IMPLICIT_RETAIN_SELF = YES;
				CLANG_WARN_OBJC_LITERAL_CONVERSION = YES;
				CLANG_WARN_OBJC_ROOT_CLASS = YES_ERROR;
				CLANG_WARN_QUOTED_INCLUDE_IN_FRAMEWORK_HEADER = YES;
				CLANG_WARN_RANGE_LOOP_ANALYSIS = YES;
				CLANG_WARN_STRICT_PROTOTYPES = YES;
				CLANG_WARN_SUSPICIOUS_MOVE = YES;
				CLANG_WARN_UNGUARDED_AVAILABILITY = YES_AGGRESSIVE;
				CLANG_WARN_UNREACHABLE_CODE = YES;
				CLANG_WARN__DUPLICATE_METHOD_MATCH = YES;
				COPY_PHASE_STRIP = NO;
				DEBUG_INFORMATION_FORMAT = dwarf;
				ENABLE_STRICT_OBJC_MSGSEND = YES;
				ENABLE_TESTABILITY = YES;
				ENABLE_USER_SCRIPT_SANDBOXING = YES;
				GCC_C_LANGUAGE_STANDARD = gnu17;
				GCC_DYNAMIC_NO_PIC = NO;
				GCC_NO_COMMON_BLOCKS = YES;
				GCC_OPTIMIZATION_LEVEL = 0;
				GCC_PREPROCESSOR_DEFINITIONS = (
					"DEBUG=1",
					"$(inherited)",
				);
				GCC_WARN_64_TO_32_BIT_CONVERSION = YES;
				GCC_WARN_ABOUT_RETURN_TYPE = YES_ERROR;
				GCC_WARN_UNDECLARED_SELECTOR = YES;
				GCC_WARN_UNINITIALIZED_AUTOS = YES_AGGRESSIVE;
				GCC_WARN_UNUSED_FUNCTION = YES;
				GCC_WARN_UNUSED_VARIABLE = YES;
				IPHONEOS_DEPLOYMENT_TARGET = 17.2;
				LOCALIZATION_PREFERS_STRING_CATALOGS = YES;
				MTL_ENABLE_DEBUG_INFO = INCLUDE_SOURCE;
				MTL_FAST_MATH = YES;
				ONLY_ACTIVE_ARCH = YES;
				SDKROOT = iphoneos;
				SWIFT_ACTIVE_COMPILATION_CONDITIONS = "DEBUG $(inherited)";
				SWIFT_OPTIMIZATION_LEVEL = "-Onone";
			};
			name = Debug;
		};
		369918272B6561D20060DF94 /* Release */ = {
			isa = XCBuildConfiguration;
			buildSettings = {
				ALWAYS_SEARCH_USER_PATHS = NO;
				ASSETCATALOG_COMPILER_GENERATE_SWIFT_ASSET_SYMBOL_EXTENSIONS = YES;
				CLANG_ANALYZER_NONNULL = YES;
				CLANG_ANALYZER_NUMBER_OBJECT_CONVERSION = YES_AGGRESSIVE;
				CLANG_CXX_LANGUAGE_STANDARD = "gnu++20";
				CLANG_ENABLE_MODULES = YES;
				CLANG_ENABLE_OBJC_ARC = YES;
				CLANG_ENABLE_OBJC_WEAK = YES;
				CLANG_WARN_BLOCK_CAPTURE_AUTORELEASING = YES;
				CLANG_WARN_BOOL_CONVERSION = YES;
				CLANG_WARN_COMMA = YES;
				CLANG_WARN_CONSTANT_CONVERSION = YES;
				CLANG_WARN_DEPRECATED_OBJC_IMPLEMENTATIONS = YES;
				CLANG_WARN_DIRECT_OBJC_ISA_USAGE = YES_ERROR;
				CLANG_WARN_DOCUMENTATION_COMMENTS = YES;
				CLANG_WARN_EMPTY_BODY = YES;
				CLANG_WARN_ENUM_CONVERSION = YES;
				CLANG_WARN_INFINITE_RECURSION = YES;
				CLANG_WARN_INT_CONVERSION = YES;
				CLANG_WARN_NON_LITERAL_NULL_CONVERSION = YES;
				CLANG_WARN_OBJC_IMPLICIT_RETAIN_SELF = YES;
				CLANG_WARN_OBJC_LITERAL_CONVERSION = YES;
				CLANG_WARN_OBJC_ROOT_CLASS = YES_ERROR;
				CLANG_WARN_QUOTED_INCLUDE_IN_FRAMEWORK_HEADER = YES;
				CLANG_WARN_RANGE_LOOP_ANALYSIS = YES;
				CLANG_WARN_STRICT_PROTOTYPES = YES;
				CLANG_WARN_SUSPICIOUS_MOVE = YES;
				CLANG_WARN_UNGUARDED_AVAILABILITY = YES_AGGRESSIVE;
				CLANG_WARN_UNREACHABLE_CODE = YES;
				CLANG_WARN__DUPLICATE_METHOD_MATCH = YES;
				COPY_PHASE_STRIP = NO;
				DEBUG_INFORMATION_FORMAT = "dwarf-with-dsym";
				ENABLE_NS_ASSERTIONS = NO;
				ENABLE_STRICT_OBJC_MSGSEND = YES;
				ENABLE_USER_SCRIPT_SANDBOXING = YES;
				GCC_C_LANGUAGE_STANDARD = gnu17;
				GCC_NO_COMMON_BLOCKS = YES;
				GCC_WARN_64_TO_32_BIT_CONVERSION = YES;
				GCC_WARN_ABOUT_RETURN_TYPE = YES_ERROR;
				GCC_WARN_UNDECLARED_SELECTOR = YES;
				GCC_WARN_UNINITIALIZED_AUTOS = YES_AGGRESSIVE;
				GCC_WARN_UNUSED_FUNCTION = YES;
				GCC_WARN_UNUSED_VARIABLE = YES;
				IPHONEOS_DEPLOYMENT_TARGET = 17.2;
				LOCALIZATION_PREFERS_STRING_CATALOGS = YES;
				MTL_ENABLE_DEBUG_INFO = NO;
				MTL_FAST_MATH = YES;
				SDKROOT = iphoneos;
				SWIFT_COMPILATION_MODE = wholemodule;
				VALIDATE_PRODUCT = YES;
			};
			name = Release;
		};
		369918292B6561D20060DF94 /* Debug */ = {
			isa = XCBuildConfiguration;
			buildSettings = {
				ASSETCATALOG_COMPILER_APPICON_NAME = AppIcon;
				ASSETCATALOG_COMPILER_GLOBAL_ACCENT_COLOR_NAME = AccentColor;
				CODE_SIGN_STYLE = Automatic;
				CURRENT_PROJECT_VERSION = 1;
				DEVELOPMENT_TEAM = A5CQCJSJJV;
				GENERATE_INFOPLIST_FILE = YES;
				INFOPLIST_FILE = WalkInStyle/Info.plist;
				INFOPLIST_KEY_UIApplicationSupportsIndirectInputEvents = YES;
				INFOPLIST_KEY_UILaunchStoryboardName = LaunchScreen;
				INFOPLIST_KEY_UIMainStoryboardFile = Main;
				INFOPLIST_KEY_UISupportedInterfaceOrientations_iPad = "UIInterfaceOrientationPortrait UIInterfaceOrientationPortraitUpsideDown UIInterfaceOrientationLandscapeLeft UIInterfaceOrientationLandscapeRight";
				INFOPLIST_KEY_UISupportedInterfaceOrientations_iPhone = "UIInterfaceOrientationPortrait UIInterfaceOrientationLandscapeLeft UIInterfaceOrientationLandscapeRight";
				LD_RUNPATH_SEARCH_PATHS = (
					"$(inherited)",
					"@executable_path/Frameworks",
				);
				MARKETING_VERSION = 1.0;
				PRODUCT_BUNDLE_IDENTIFIER = com.kpkcool.WalkInStyle;
				PRODUCT_NAME = "$(TARGET_NAME)";
				SWIFT_EMIT_LOC_STRINGS = YES;
				SWIFT_VERSION = 5.0;
				TARGETED_DEVICE_FAMILY = "1,2";
			};
			name = Debug;
		};
		3699182A2B6561D20060DF94 /* Release */ = {
			isa = XCBuildConfiguration;
			buildSettings = {
				ASSETCATALOG_COMPILER_APPICON_NAME = AppIcon;
				ASSETCATALOG_COMPILER_GLOBAL_ACCENT_COLOR_NAME = AccentColor;
				CODE_SIGN_STYLE = Automatic;
				CURRENT_PROJECT_VERSION = 1;
				DEVELOPMENT_TEAM = A5CQCJSJJV;
				GENERATE_INFOPLIST_FILE = YES;
				INFOPLIST_FILE = WalkInStyle/Info.plist;
				INFOPLIST_KEY_UIApplicationSupportsIndirectInputEvents = YES;
				INFOPLIST_KEY_UILaunchStoryboardName = LaunchScreen;
				INFOPLIST_KEY_UIMainStoryboardFile = Main;
				INFOPLIST_KEY_UISupportedInterfaceOrientations_iPad = "UIInterfaceOrientationPortrait UIInterfaceOrientationPortraitUpsideDown UIInterfaceOrientationLandscapeLeft UIInterfaceOrientationLandscapeRight";
				INFOPLIST_KEY_UISupportedInterfaceOrientations_iPhone = "UIInterfaceOrientationPortrait UIInterfaceOrientationLandscapeLeft UIInterfaceOrientationLandscapeRight";
				LD_RUNPATH_SEARCH_PATHS = (
					"$(inherited)",
					"@executable_path/Frameworks",
				);
				MARKETING_VERSION = 1.0;
				PRODUCT_BUNDLE_IDENTIFIER = com.kpkcool.WalkInStyle;
				PRODUCT_NAME = "$(TARGET_NAME)";
				SWIFT_EMIT_LOC_STRINGS = YES;
				SWIFT_VERSION = 5.0;
				TARGETED_DEVICE_FAMILY = "1,2";
			};
			name = Release;
		};
/* End XCBuildConfiguration section */

/* Begin XCConfigurationList section */
		3699180F2B6561CB0060DF94 /* Build configuration list for PBXProject "WalkInStyle" */ = {
			isa = XCConfigurationList;
			buildConfigurations = (
				369918262B6561D20060DF94 /* Debug */,
				369918272B6561D20060DF94 /* Release */,
			);
			defaultConfigurationIsVisible = 0;
			defaultConfigurationName = Release;
		};
		369918282B6561D20060DF94 /* Build configuration list for PBXNativeTarget "WalkInStyle" */ = {
			isa = XCConfigurationList;
			buildConfigurations = (
				369918292B6561D20060DF94 /* Debug */,
				3699182A2B6561D20060DF94 /* Release */,
			);
			defaultConfigurationIsVisible = 0;
			defaultConfigurationName = Release;
		};
/* End XCConfigurationList section */

/* Begin XCRemoteSwiftPackageReference section */
		369918412B6633190060DF94 /* XCRemoteSwiftPackageReference "SDWebImage" */ = {
			isa = XCRemoteSwiftPackageReference;
			repositoryURL = "https://github.com/SDWebImage/SDWebImage.git";
			requirement = {
				kind = upToNextMajorVersion;
				minimumVersion = 5.18.10;
			};
		};
/* End XCRemoteSwiftPackageReference section */

/* Begin XCSwiftPackageProductDependency section */
		369918422B6633190060DF94 /* SDWebImage */ = {
			isa = XCSwiftPackageProductDependency;
			package = 369918412B6633190060DF94 /* XCRemoteSwiftPackageReference "SDWebImage" */;
			productName = SDWebImage;
		};
		369918442B6633190060DF94 /* SDWebImageMapKit */ = {
			isa = XCSwiftPackageProductDependency;
			package = 369918412B6633190060DF94 /* XCRemoteSwiftPackageReference "SDWebImage" */;
			productName = SDWebImageMapKit;
		};
/* End XCSwiftPackageProductDependency section */
	};
	rootObject = 3699180C2B6561CB0060DF94 /* Project object */;
}
